
Microsoft Visual Studio Solution File, Format Version 12.00
# Visual Studio Version 16
VisualStudioVersion = 16.0.31624.102
MinimumVisualStudioVersion = 10.0.40219.1
Project("{FAE04EC0-301F-11D3-BF4B-00C04F79EFBC}") = "lab9", "lab9\lab9.csproj", "{3F8F795A-4E41-4550-85B8-275D6279B518}"
EndProject
Global
	GlobalSection(SolutionConfigurationPlatforms) = preSolution
		Debug|Any CPU = Debug|Any CPU
		Release|Any CPU = Release|Any CPU
	EndGlobalSection
	GlobalSection(ProjectConfigurationPlatforms) = postSolution
		{3F8F795A-4E41-4550-85B8-275D6279B518}.Debug|Any CPU.ActiveCfg = Debug|Any CPU
		{3F8F795A-4E41-4550-85B8-275D6279B518}.Debug|Any CPU.Build.0 = Debug|Any CPU
		{3F8F795A-4E41-4550-85B8-275D6279B518}.Release|Any CPU.ActiveCfg = Release|Any CPU
		{3F8F795A-4E41-4550-85B8-275D6279B518}.Release|Any CPU.Build.0 = Release|Any CPU
	EndGlobalSection
	GlobalSection(SolutionProperties) = preSolution
		HideSolutionNode = FALSE
	EndGlobalSection
	GlobalSection(ExtensibilityGlobals) = postSolution
		SolutionGuid = {F8509103-3907-41D9-A202-1E35721EE37B}
	EndGlobalSection
EndGlobal
